
Microsoft Visual Studio Solution File, Format Version 12.00
# Visual Studio Version 16
VisualStudioVersion = 16.0.33328.57
MinimumVisualStudioVersion = 10.0.40219.1
Project("{F184B08F-C81C-45F6-A57F-5ABD9991F28F}") = "MidTerm Building Plan Conversion", "MidTerm Building Plan Conversion\MidTerm Building Plan Conversion.vbproj", "{70E96D91-4717-4061-B4C1-9716937046B8}"
EndProject
Global
	GlobalSection(SolutionConfigurationPlatforms) = preSolution
		Debug|Any CPU = Debug|Any CPU
		Release|Any CPU = Release|Any CPU
	EndGlobalSection
	GlobalSection(ProjectConfigurationPlatforms) = postSolution
		{70E96D91-4717-4061-B4C1-9716937046B8}.Debug|Any CPU.ActiveCfg = Debug|Any CPU
		{70E96D91-4717-4061-B4C1-9716937046B8}.Debug|Any CPU.Build.0 = Debug|Any CPU
		{70E96D91-4717-4061-B4C1-9716937046B8}.Release|Any CPU.ActiveCfg = Release|Any CPU
		{70E96D91-4717-4061-B4C1-9716937046B8}.Release|Any CPU.Build.0 = Release|Any CPU
	EndGlobalSection
	GlobalSection(SolutionProperties) = preSolution
		HideSolutionNode = FALSE
	EndGlobalSection
	GlobalSection(ExtensibilityGlobals) = postSolution
		SolutionGuid = {52CA5F80-CF1F-4435-BB55-1B989CDF180F}
	EndGlobalSection
EndGlobal
